
Microsoft Visual Studio Solution File, Format Version 12.00
# Visual Studio 15
VisualStudioVersion = 15.0.28307.645
MinimumVisualStudioVersion = 10.0.40219.1
Project("{FAE04EC0-301F-11D3-BF4B-00C04F79EFBC}") = "FirstService", "FirstService\FirstService.csproj", "{A020CC5B-5AAA-4945-B210-41CBAB73BB3B}"
EndProject
Project("{54435603-DBB4-11D2-8724-00A0C9A8B90C}") = "ServiceWindows.Installer", "ServiceWindows.Installer\ServiceWindows.Installer.vdproj", "{862FFCD1-35D5-486B-A35F-35396B2F0801}"
EndProject
Global
	GlobalSection(SolutionConfigurationPlatforms) = preSolution
		Debug|Any CPU = Debug|Any CPU
		Release|Any CPU = Release|Any CPU
	EndGlobalSection
	GlobalSection(ProjectConfigurationPlatforms) = postSolution
		{A020CC5B-5AAA-4945-B210-41CBAB73BB3B}.Debug|Any CPU.ActiveCfg = Debug|Any CPU
		{A020CC5B-5AAA-4945-B210-41CBAB73BB3B}.Debug|Any CPU.Build.0 = Debug|Any CPU
		{A020CC5B-5AAA-4945-B210-41CBAB73BB3B}.Release|Any CPU.ActiveCfg = Release|Any CPU
		{A020CC5B-5AAA-4945-B210-41CBAB73BB3B}.Release|Any CPU.Build.0 = Release|Any CPU
		{862FFCD1-35D5-486B-A35F-35396B2F0801}.Debug|Any CPU.ActiveCfg = Debug
		{862FFCD1-35D5-486B-A35F-35396B2F0801}.Release|Any CPU.ActiveCfg = Release
	EndGlobalSection
	GlobalSection(SolutionProperties) = preSolution
		HideSolutionNode = FALSE
	EndGlobalSection
	GlobalSection(ExtensibilityGlobals) = postSolution
		SolutionGuid = {DB4A1E00-BFF7-416B-BBA2-8CF5FF312FDE}
	EndGlobalSection
EndGlobal
